
Microsoft Visual Studio Solution File, Format Version 12.00
# Visual Studio 15
VisualStudioVersion = 15.0.27703.2000
MinimumVisualStudioVersion = 10.0.40219.1
Project("{FAE04EC0-301F-11D3-BF4B-00C04F79EFBC}") = "EldewritoTickrateChanger", "EldewritoTickrateChanger\EldewritoTickrateChanger.csproj", "{6853268B-C69A-4971-9802-3B7CEDABBA77}"
EndProject
Global
	GlobalSection(SolutionConfigurationPlatforms) = preSolution
		Debug|Any CPU = Debug|Any CPU
		Debug|x64 = Debug|x64
		Release|Any CPU = Release|Any CPU
		Release|x64 = Release|x64
	EndGlobalSection
	GlobalSection(ProjectConfigurationPlatforms) = postSolution
		{6853268B-C69A-4971-9802-3B7CEDABBA77}.Debug|Any CPU.ActiveCfg = Debug|Any CPU
		{6853268B-C69A-4971-9802-3B7CEDABBA77}.Debug|Any CPU.Build.0 = Debug|Any CPU
		{6853268B-C69A-4971-9802-3B7CEDABBA77}.Debug|x64.ActiveCfg = Debug|x64
		{6853268B-C69A-4971-9802-3B7CEDABBA77}.Debug|x64.Build.0 = Debug|x64
		{6853268B-C69A-4971-9802-3B7CEDABBA77}.Release|Any CPU.ActiveCfg = Release|Any CPU
		{6853268B-C69A-4971-9802-3B7CEDABBA77}.Release|Any CPU.Build.0 = Release|Any CPU
		{6853268B-C69A-4971-9802-3B7CEDABBA77}.Release|x64.ActiveCfg = Release|x64
		{6853268B-C69A-4971-9802-3B7CEDABBA77}.Release|x64.Build.0 = Release|x64
	EndGlobalSection
	GlobalSection(SolutionProperties) = preSolution
		HideSolutionNode = FALSE
	EndGlobalSection
	GlobalSection(ExtensibilityGlobals) = postSolution
		SolutionGuid = {2F8F33AB-94F1-498C-A25D-78CEFC0E379A}
	EndGlobalSection
EndGlobal
